<Solution>
  <Folder Name="/src/">
    <Project Path="benchmarks/TaskTitan.Benchmarks.csproj" />
    <Project Path="src/Cli/TaskTitan.Cli.csproj" />
    <Project Path="src/Data/TaskTitan.Data.csproj" />
  </Folder>
  <Project Path=".nuke/_build.csproj">
    <Build Project="false" />
  </Project>
  <Project Path="tests/TaskTitan.Tests.csproj" />
</Solution>
