
Microsoft Visual Studio Solution File, Format Version 12.00
# Visual Studio Version 17
VisualStudioVersion = 17.0.31903.59
MinimumVisualStudioVersion = 10.0.40219.1
Project("{2150E333-8FDC-42A3-9474-1A3956D46DE8}") = "benchmarks", "benchmarks", "{66320409-64EC-F7C5-3DEF-65E7510DAAD1}"
EndProject
Project("{FAE04EC0-301F-11D3-BF4B-00C04F79EFBC}") = "TaskTitan.Benchmarks", "benchmarks\TaskTitan.Benchmarks.csproj", "{A6B4BB1C-A7C9-44DC-BA2A-69284BAB4DF4}"
EndProject
Project("{2150E333-8FDC-42A3-9474-1A3956D46DE8}") = "src", "src", "{827E0CD3-B72D-47B6-A68D-7590B98EB39B}"
EndProject
Project("{FAE04EC0-301F-11D3-BF4B-00C04F79EFBC}") = "tasktitan", "src\tasktitan\tasktitan.csproj", "{C7195889-8FDC-4E49-8B3E-EFCE537E2D82}"
EndProject
Project("{FAE04EC0-301F-11D3-BF4B-00C04F79EFBC}") = "tasktitan.Lib", "src\tasktitan.Lib\tasktitan.Lib.csproj", "{33BDD607-F9E7-4A3F-8533-D04311933165}"
EndProject
Project("{FAE04EC0-301F-11D3-BF4B-00C04F79EFBC}") = "tasktitan.Tests", "src\tasktitan.Tests\tasktitan.Tests.csproj", "{C0B398AE-473D-4A76-A98A-4B3DB7724464}"
EndProject
Global
	GlobalSection(SolutionConfigurationPlatforms) = preSolution
		Debug|Any CPU = Debug|Any CPU
		Debug|x64 = Debug|x64
		Debug|x86 = Debug|x86
		Release|Any CPU = Release|Any CPU
		Release|x64 = Release|x64
		Release|x86 = Release|x86
	EndGlobalSection
	GlobalSection(ProjectConfigurationPlatforms) = postSolution
		{A6B4BB1C-A7C9-44DC-BA2A-69284BAB4DF4}.Debug|Any CPU.ActiveCfg = Debug|Any CPU
		{A6B4BB1C-A7C9-44DC-BA2A-69284BAB4DF4}.Debug|Any CPU.Build.0 = Debug|Any CPU
		{A6B4BB1C-A7C9-44DC-BA2A-69284BAB4DF4}.Debug|x64.ActiveCfg = Debug|Any CPU
		{A6B4BB1C-A7C9-44DC-BA2A-69284BAB4DF4}.Debug|x64.Build.0 = Debug|Any CPU
		{A6B4BB1C-A7C9-44DC-BA2A-69284BAB4DF4}.Debug|x86.ActiveCfg = Debug|Any CPU
		{A6B4BB1C-A7C9-44DC-BA2A-69284BAB4DF4}.Debug|x86.Build.0 = Debug|Any CPU
		{A6B4BB1C-A7C9-44DC-BA2A-69284BAB4DF4}.Release|Any CPU.ActiveCfg = Release|Any CPU
		{A6B4BB1C-A7C9-44DC-BA2A-69284BAB4DF4}.Release|Any CPU.Build.0 = Release|Any CPU
		{A6B4BB1C-A7C9-44DC-BA2A-69284BAB4DF4}.Release|x64.ActiveCfg = Release|Any CPU
		{A6B4BB1C-A7C9-44DC-BA2A-69284BAB4DF4}.Release|x64.Build.0 = Release|Any CPU
		{A6B4BB1C-A7C9-44DC-BA2A-69284BAB4DF4}.Release|x86.ActiveCfg = Release|Any CPU
		{A6B4BB1C-A7C9-44DC-BA2A-69284BAB4DF4}.Release|x86.Build.0 = Release|Any CPU
		{C7195889-8FDC-4E49-8B3E-EFCE537E2D82}.Debug|Any CPU.ActiveCfg = Debug|Any CPU
		{C7195889-8FDC-4E49-8B3E-EFCE537E2D82}.Debug|Any CPU.Build.0 = Debug|Any CPU
		{C7195889-8FDC-4E49-8B3E-EFCE537E2D82}.Debug|x64.ActiveCfg = Debug|Any CPU
		{C7195889-8FDC-4E49-8B3E-EFCE537E2D82}.Debug|x64.Build.0 = Debug|Any CPU
		{C7195889-8FDC-4E49-8B3E-EFCE537E2D82}.Debug|x86.ActiveCfg = Debug|Any CPU
		{C7195889-8FDC-4E49-8B3E-EFCE537E2D82}.Debug|x86.Build.0 = Debug|Any CPU
		{C7195889-8FDC-4E49-8B3E-EFCE537E2D82}.Release|Any CPU.ActiveCfg = Release|Any CPU
		{C7195889-8FDC-4E49-8B3E-EFCE537E2D82}.Release|Any CPU.Build.0 = Release|Any CPU
		{C7195889-8FDC-4E49-8B3E-EFCE537E2D82}.Release|x64.ActiveCfg = Release|Any CPU
		{C7195889-8FDC-4E49-8B3E-EFCE537E2D82}.Release|x64.Build.0 = Release|Any CPU
		{C7195889-8FDC-4E49-8B3E-EFCE537E2D82}.Release|x86.ActiveCfg = Release|Any CPU
		{C7195889-8FDC-4E49-8B3E-EFCE537E2D82}.Release|x86.Build.0 = Release|Any CPU
		{33BDD607-F9E7-4A3F-8533-D04311933165}.Debug|Any CPU.ActiveCfg = Debug|Any CPU
		{33BDD607-F9E7-4A3F-8533-D04311933165}.Debug|Any CPU.Build.0 = Debug|Any CPU
		{33BDD607-F9E7-4A3F-8533-D04311933165}.Debug|x64.ActiveCfg = Debug|Any CPU
		{33BDD607-F9E7-4A3F-8533-D04311933165}.Debug|x64.Build.0 = Debug|Any CPU
		{33BDD607-F9E7-4A3F-8533-D04311933165}.Debug|x86.ActiveCfg = Debug|Any CPU
		{33BDD607-F9E7-4A3F-8533-D04311933165}.Debug|x86.Build.0 = Debug|Any CPU
		{33BDD607-F9E7-4A3F-8533-D04311933165}.Release|Any CPU.ActiveCfg = Release|Any CPU
		{33BDD607-F9E7-4A3F-8533-D04311933165}.Release|Any CPU.Build.0 = Release|Any CPU
		{33BDD607-F9E7-4A3F-8533-D04311933165}.Release|x64.ActiveCfg = Release|Any CPU
		{33BDD607-F9E7-4A3F-8533-D04311933165}.Release|x64.Build.0 = Release|Any CPU
		{33BDD607-F9E7-4A3F-8533-D04311933165}.Release|x86.ActiveCfg = Release|Any CPU
		{33BDD607-F9E7-4A3F-8533-D04311933165}.Release|x86.Build.0 = Release|Any CPU
		{C0B398AE-473D-4A76-A98A-4B3DB7724464}.Debug|Any CPU.ActiveCfg = Debug|Any CPU
		{C0B398AE-473D-4A76-A98A-4B3DB7724464}.Debug|Any CPU.Build.0 = Debug|Any CPU
		{C0B398AE-473D-4A76-A98A-4B3DB7724464}.Debug|x64.ActiveCfg = Debug|Any CPU
		{C0B398AE-473D-4A76-A98A-4B3DB7724464}.Debug|x64.Build.0 = Debug|Any CPU
		{C0B398AE-473D-4A76-A98A-4B3DB7724464}.Debug|x86.ActiveCfg = Debug|Any CPU
		{C0B398AE-473D-4A76-A98A-4B3DB7724464}.Debug|x86.Build.0 = Debug|Any CPU
		{C0B398AE-473D-4A76-A98A-4B3DB7724464}.Release|Any CPU.ActiveCfg = Release|Any CPU
		{C0B398AE-473D-4A76-A98A-4B3DB7724464}.Release|Any CPU.Build.0 = Release|Any CPU
		{C0B398AE-473D-4A76-A98A-4B3DB7724464}.Release|x64.ActiveCfg = Release|Any CPU
		{C0B398AE-473D-4A76-A98A-4B3DB7724464}.Release|x64.Build.0 = Release|Any CPU
		{C0B398AE-473D-4A76-A98A-4B3DB7724464}.Release|x86.ActiveCfg = Release|Any CPU
		{C0B398AE-473D-4A76-A98A-4B3DB7724464}.Release|x86.Build.0 = Release|Any CPU
	EndGlobalSection
	GlobalSection(SolutionProperties) = preSolution
		HideSolutionNode = FALSE
	EndGlobalSection
	GlobalSection(NestedProjects) = preSolution
		{A6B4BB1C-A7C9-44DC-BA2A-69284BAB4DF4} = {66320409-64EC-F7C5-3DEF-65E7510DAAD1}
		{C7195889-8FDC-4E49-8B3E-EFCE537E2D82} = {827E0CD3-B72D-47B6-A68D-7590B98EB39B}
		{33BDD607-F9E7-4A3F-8533-D04311933165} = {827E0CD3-B72D-47B6-A68D-7590B98EB39B}
		{C0B398AE-473D-4A76-A98A-4B3DB7724464} = {827E0CD3-B72D-47B6-A68D-7590B98EB39B}
	EndGlobalSection
EndGlobal
