
Microsoft Visual Studio Solution File, Format Version 12.00
# Visual Studio Version 17
VisualStudioVersion = 17.0.31903.59
MinimumVisualStudioVersion = 10.0.40219.1
Project("{2150E333-8FDC-42A3-9474-1A3956D46DE8}") = "src", "src", "{94057D4E-60B5-4674-9A55-FE7E0640CB43}"
EndProject
Project("{FAE04EC0-301F-11D3-BF4B-00C04F79EFBC}") = "Cli", "src\Cli\Cli.csproj", "{CCB59B2E-7D65-4AE5-BD6E-6E08CC620A03}"
EndProject
Project("{FAE04EC0-301F-11D3-BF4B-00C04F79EFBC}") = "Core", "src\Core\Core.csproj", "{F750C1ED-A398-4E7E-BF78-D2C907F2F801}"
EndProject
Project("{FAE04EC0-301F-11D3-BF4B-00C04F79EFBC}") = "Data", "src\Data\Data.csproj", "{058426F5-9802-44CE-88E1-326CD0484112}"
EndProject
Project("{FAE04EC0-301F-11D3-BF4B-00C04F79EFBC}") = "Infrastructure", "src\Infrastructure\Infrastructure.csproj", "{FA6A741A-6716-493B-8298-26048BC65584}"
EndProject
Project("{2150E333-8FDC-42A3-9474-1A3956D46DE8}") = "tests", "tests", "{6D6E9DF4-EB63-4806-81F0-70F04C62BBFC}"
EndProject
Project("{FAE04EC0-301F-11D3-BF4B-00C04F79EFBC}") = "Tests.Common", "tests\Tests.Common\Tests.Common.csproj", "{B22FE9DB-20B0-4E3E-B3A7-6F41F14ABEF2}"
EndProject
Project("{FAE04EC0-301F-11D3-BF4B-00C04F79EFBC}") = "Unit.Tests", "tests\Unit.Tests\Unit.Tests.csproj", "{6E6339A1-4C00-4870-8880-42F277B87927}"
EndProject
Global
	GlobalSection(SolutionConfigurationPlatforms) = preSolution
		Debug|Any CPU = Debug|Any CPU
		Release|Any CPU = Release|Any CPU
	EndGlobalSection
	GlobalSection(SolutionProperties) = preSolution
		HideSolutionNode = FALSE
	EndGlobalSection
	GlobalSection(ProjectConfigurationPlatforms) = postSolution
		{CCB59B2E-7D65-4AE5-BD6E-6E08CC620A03}.Debug|Any CPU.ActiveCfg = Debug|Any CPU
		{CCB59B2E-7D65-4AE5-BD6E-6E08CC620A03}.Debug|Any CPU.Build.0 = Debug|Any CPU
		{CCB59B2E-7D65-4AE5-BD6E-6E08CC620A03}.Release|Any CPU.ActiveCfg = Release|Any CPU
		{CCB59B2E-7D65-4AE5-BD6E-6E08CC620A03}.Release|Any CPU.Build.0 = Release|Any CPU
		{F750C1ED-A398-4E7E-BF78-D2C907F2F801}.Debug|Any CPU.ActiveCfg = Debug|Any CPU
		{F750C1ED-A398-4E7E-BF78-D2C907F2F801}.Debug|Any CPU.Build.0 = Debug|Any CPU
		{F750C1ED-A398-4E7E-BF78-D2C907F2F801}.Release|Any CPU.ActiveCfg = Release|Any CPU
		{F750C1ED-A398-4E7E-BF78-D2C907F2F801}.Release|Any CPU.Build.0 = Release|Any CPU
		{058426F5-9802-44CE-88E1-326CD0484112}.Debug|Any CPU.ActiveCfg = Debug|Any CPU
		{058426F5-9802-44CE-88E1-326CD0484112}.Debug|Any CPU.Build.0 = Debug|Any CPU
		{058426F5-9802-44CE-88E1-326CD0484112}.Release|Any CPU.ActiveCfg = Release|Any CPU
		{058426F5-9802-44CE-88E1-326CD0484112}.Release|Any CPU.Build.0 = Release|Any CPU
		{FA6A741A-6716-493B-8298-26048BC65584}.Debug|Any CPU.ActiveCfg = Debug|Any CPU
		{FA6A741A-6716-493B-8298-26048BC65584}.Debug|Any CPU.Build.0 = Debug|Any CPU
		{FA6A741A-6716-493B-8298-26048BC65584}.Release|Any CPU.ActiveCfg = Release|Any CPU
		{FA6A741A-6716-493B-8298-26048BC65584}.Release|Any CPU.Build.0 = Release|Any CPU
		{B22FE9DB-20B0-4E3E-B3A7-6F41F14ABEF2}.Debug|Any CPU.ActiveCfg = Debug|Any CPU
		{B22FE9DB-20B0-4E3E-B3A7-6F41F14ABEF2}.Debug|Any CPU.Build.0 = Debug|Any CPU
		{B22FE9DB-20B0-4E3E-B3A7-6F41F14ABEF2}.Release|Any CPU.ActiveCfg = Release|Any CPU
		{B22FE9DB-20B0-4E3E-B3A7-6F41F14ABEF2}.Release|Any CPU.Build.0 = Release|Any CPU
		{6E6339A1-4C00-4870-8880-42F277B87927}.Debug|Any CPU.ActiveCfg = Debug|Any CPU
		{6E6339A1-4C00-4870-8880-42F277B87927}.Debug|Any CPU.Build.0 = Debug|Any CPU
		{6E6339A1-4C00-4870-8880-42F277B87927}.Release|Any CPU.ActiveCfg = Release|Any CPU
		{6E6339A1-4C00-4870-8880-42F277B87927}.Release|Any CPU.Build.0 = Release|Any CPU
	EndGlobalSection
	GlobalSection(NestedProjects) = preSolution
		{CCB59B2E-7D65-4AE5-BD6E-6E08CC620A03} = {94057D4E-60B5-4674-9A55-FE7E0640CB43}
		{F750C1ED-A398-4E7E-BF78-D2C907F2F801} = {94057D4E-60B5-4674-9A55-FE7E0640CB43}
		{058426F5-9802-44CE-88E1-326CD0484112} = {94057D4E-60B5-4674-9A55-FE7E0640CB43}
		{FA6A741A-6716-493B-8298-26048BC65584} = {94057D4E-60B5-4674-9A55-FE7E0640CB43}
		{B22FE9DB-20B0-4E3E-B3A7-6F41F14ABEF2} = {6D6E9DF4-EB63-4806-81F0-70F04C62BBFC}
		{6E6339A1-4C00-4870-8880-42F277B87927} = {6D6E9DF4-EB63-4806-81F0-70F04C62BBFC}
	EndGlobalSection
EndGlobal
